lockfileVersion: '9.0'

settings:
  autoInstallPeers: true
  excludeLinksFromLockfile: false

importers:

  .:
    dependencies:
      react:
        specifier: 19.1.0
        version: 19.1.0
      react-dom:
        specifier: 19.1.0
        version: 19.1.0(react@19.1.0)
    devDependencies:
      '@types/react':
        specifier: 19.1.8
        version: 19.1.8
      '@types/react-dom':
        specifier: 19.1.6
        version: 19.1.6(@types/react@19.1.8)
      '@vitejs/plugin-react-swc':
        specifier: 3.10.2
        version: 3.10.2(vite@6.3.5)
      magic-string:
        specifier: 0.30.17
        version: 0.30.17
      oxc-parser:
        specifier: ^0.73.0
        version: 0.73.0
      oxc-walker:
        specifier: ^0.3.0
        version: 0.3.0(oxc-parser@0.73.0)
      rollup:
        specifier: 4.43.0
        version: 4.43.0
      typescript:
        specifier: 5.8.3
        version: 5.8.3
      vite:
        specifier: 6.3.5
        version: 6.3.5
      vite-plugin-inspect:
        specifier: 11.1.0
        version: 11.1.0(vite@6.3.5)

packages:

  '@emnapi/core@1.4.3':
    resolution: {integrity: sha512-4m62DuCE07lw01soJwPiBGC0nAww0Q+RY70VZ+n49yDIO13yyinhbWCeNnaob0lakDtWQzSdtNWzJeOJt2ma+g==}

  '@emnapi/runtime@1.4.3':
    resolution: {integrity: sha512-pBPWdu6MLKROBX05wSNKcNb++m5Er+KQ9QkB+WVM+pW2Kx9hoSrVTnu3BdkI5eBLZoKu/J6mW/B6i6bJB2ytXQ==}

  '@emnapi/wasi-threads@1.0.2':
    resolution: {integrity: sha512-5n3nTJblwRi8LlXkJ9eBzu+kZR8Yxcc7ubakyQTFzPMtIhFpUBRbsnc2Dv88IZDIbCDlBiWrknhB4Lsz7mg6BA==}

  '@esbuild/aix-ppc64@0.25.5':
    resolution: {integrity: sha512-9o3TMmpmftaCMepOdA5k/yDw8SfInyzWWTjYTFCX3kPSDJMROQTb8jg+h9Cnwnmm1vOzvxN7gIfB5V2ewpjtGA==}
    engines: {node: '>=18'}
    cpu: [ppc64]
    os: [aix]

  '@esbuild/android-arm64@0.25.5':
    resolution: {integrity: sha512-VGzGhj4lJO+TVGV1v8ntCZWJktV7SGCs3Pn1GRWI1SBFtRALoomm8k5E9Pmwg3HOAal2VDc2F9+PM/rEY6oIDg==}
    engines: {node: '>=18'}
    cpu: [arm64]
    os: [android]

  '@esbuild/android-arm@0.25.5':
    resolution: {integrity: sha512-AdJKSPeEHgi7/ZhuIPtcQKr5RQdo6OO2IL87JkianiMYMPbCtot9fxPbrMiBADOWWm3T2si9stAiVsGbTQFkbA==}
    engines: {node: '>=18'}
    cpu: [arm]
    os: [android]

  '@esbuild/android-x64@0.25.5':
    resolution: {integrity: sha512-D2GyJT1kjvO//drbRT3Hib9XPwQeWd9vZoBJn+bu/lVsOZ13cqNdDeqIF/xQ5/VmWvMduP6AmXvylO/PIc2isw==}
    engines: {node: '>=18'}
    cpu: [x64]
    os: [android]

  '@esbuild/darwin-arm64@0.25.5':
    resolution: {integrity: sha512-GtaBgammVvdF7aPIgH2jxMDdivezgFu6iKpmT+48+F8Hhg5J/sfnDieg0aeG/jfSvkYQU2/pceFPDKlqZzwnfQ==}
    engines: {node: '>=18'}
    cpu: [arm64]
    os: [darwin]

  '@esbuild/darwin-x64@0.25.5':
    resolution: {integrity: sha512-1iT4FVL0dJ76/q1wd7XDsXrSW+oLoquptvh4CLR4kITDtqi2e/xwXwdCVH8hVHU43wgJdsq7Gxuzcs6Iq/7bxQ==}
    engines: {node: '>=18'}
    cpu: [x64]
    os: [darwin]

  '@esbuild/freebsd-arm64@0.25.5':
    resolution: {integrity: sha512-nk4tGP3JThz4La38Uy/gzyXtpkPW8zSAmoUhK9xKKXdBCzKODMc2adkB2+8om9BDYugz+uGV7sLmpTYzvmz6Sw==}
    engines: {node: '>=18'}
    cpu: [arm64]
    os: [freebsd]

  '@esbuild/freebsd-x64@0.25.5':
    resolution: {integrity: sha512-PrikaNjiXdR2laW6OIjlbeuCPrPaAl0IwPIaRv+SMV8CiM8i2LqVUHFC1+8eORgWyY7yhQY+2U2fA55mBzReaw==}
    engines: {node: '>=18'}
    cpu: [x64]
    os: [freebsd]

  '@esbuild/linux-arm64@0.25.5':
    resolution: {integrity: sha512-Z9kfb1v6ZlGbWj8EJk9T6czVEjjq2ntSYLY2cw6pAZl4oKtfgQuS4HOq41M/BcoLPzrUbNd+R4BXFyH//nHxVg==}
    engines: {node: '>=18'}
    cpu: [arm64]
    os: [linux]

  '@esbuild/linux-arm@0.25.5':
    resolution: {integrity: sha512-cPzojwW2okgh7ZlRpcBEtsX7WBuqbLrNXqLU89GxWbNt6uIg78ET82qifUy3W6OVww6ZWobWub5oqZOVtwolfw==}
    engines: {node: '>=18'}
    cpu: [arm]
    os: [linux]

  '@esbuild/linux-ia32@0.25.5':
    resolution: {integrity: sha512-sQ7l00M8bSv36GLV95BVAdhJ2QsIbCuCjh/uYrWiMQSUuV+LpXwIqhgJDcvMTj+VsQmqAHL2yYaasENvJ7CDKA==}
    engines: {node: '>=18'}
    cpu: [ia32]
    os: [linux]

  '@esbuild/linux-loong64@0.25.5':
    resolution: {integrity: sha512-0ur7ae16hDUC4OL5iEnDb0tZHDxYmuQyhKhsPBV8f99f6Z9KQM02g33f93rNH5A30agMS46u2HP6qTdEt6Q1kg==}
    engines: {node: '>=18'}
    cpu: [loong64]
    os: [linux]

  '@esbuild/linux-mips64el@0.25.5':
    resolution: {integrity: sha512-kB/66P1OsHO5zLz0i6X0RxlQ+3cu0mkxS3TKFvkb5lin6uwZ/ttOkP3Z8lfR9mJOBk14ZwZ9182SIIWFGNmqmg==}
    engines: {node: '>=18'}
    cpu: [mips64el]
    os: [linux]

  '@esbuild/linux-ppc64@0.25.5':
    resolution: {integrity: sha512-UZCmJ7r9X2fe2D6jBmkLBMQetXPXIsZjQJCjgwpVDz+YMcS6oFR27alkgGv3Oqkv07bxdvw7fyB71/olceJhkQ==}
    engines: {node: '>=18'}
    cpu: [ppc64]
    os: [linux]

  '@esbuild/linux-riscv64@0.25.5':
    resolution: {integrity: sha512-kTxwu4mLyeOlsVIFPfQo+fQJAV9mh24xL+y+Bm6ej067sYANjyEw1dNHmvoqxJUCMnkBdKpvOn0Ahql6+4VyeA==}
    engines: {node: '>=18'}
    cpu: [riscv64]
    os: [linux]

  '@esbuild/linux-s390x@0.25.5':
    resolution: {integrity: sha512-K2dSKTKfmdh78uJ3NcWFiqyRrimfdinS5ErLSn3vluHNeHVnBAFWC8a4X5N+7FgVE1EjXS1QDZbpqZBjfrqMTQ==}
    engines: {node: '>=18'}
    cpu: [s390x]
    os: [linux]

  '@esbuild/linux-x64@0.25.5':
    resolution: {integrity: sha512-uhj8N2obKTE6pSZ+aMUbqq+1nXxNjZIIjCjGLfsWvVpy7gKCOL6rsY1MhRh9zLtUtAI7vpgLMK6DxjO8Qm9lJw==}
    engines: {node: '>=18'}
    cpu: [x64]
    os: [linux]

  '@esbuild/netbsd-arm64@0.25.5':
    resolution: {integrity: sha512-pwHtMP9viAy1oHPvgxtOv+OkduK5ugofNTVDilIzBLpoWAM16r7b/mxBvfpuQDpRQFMfuVr5aLcn4yveGvBZvw==}
    engines: {node: '>=18'}
    cpu: [arm64]
    os: [netbsd]

  '@esbuild/netbsd-x64@0.25.5':
    resolution: {integrity: sha512-WOb5fKrvVTRMfWFNCroYWWklbnXH0Q5rZppjq0vQIdlsQKuw6mdSihwSo4RV/YdQ5UCKKvBy7/0ZZYLBZKIbwQ==}
    engines: {node: '>=18'}
    cpu: [x64]
    os: [netbsd]

  '@esbuild/openbsd-arm64@0.25.5':
    resolution: {integrity: sha512-7A208+uQKgTxHd0G0uqZO8UjK2R0DDb4fDmERtARjSHWxqMTye4Erz4zZafx7Di9Cv+lNHYuncAkiGFySoD+Mw==}
    engines: {node: '>=18'}
    cpu: [arm64]
    os: [openbsd]

  '@esbuild/openbsd-x64@0.25.5':
    resolution: {integrity: sha512-G4hE405ErTWraiZ8UiSoesH8DaCsMm0Cay4fsFWOOUcz8b8rC6uCvnagr+gnioEjWn0wC+o1/TAHt+It+MpIMg==}
    engines: {node: '>=18'}
    cpu: [x64]
    os: [openbsd]

  '@esbuild/sunos-x64@0.25.5':
    resolution: {integrity: sha512-l+azKShMy7FxzY0Rj4RCt5VD/q8mG/e+mDivgspo+yL8zW7qEwctQ6YqKX34DTEleFAvCIUviCFX1SDZRSyMQA==}
    engines: {node: '>=18'}
    cpu: [x64]
    os: [sunos]

  '@esbuild/win32-arm64@0.25.5':
    resolution: {integrity: sha512-O2S7SNZzdcFG7eFKgvwUEZ2VG9D/sn/eIiz8XRZ1Q/DO5a3s76Xv0mdBzVM5j5R639lXQmPmSo0iRpHqUUrsxw==}
    engines: {node: '>=18'}
    cpu: [arm64]
    os: [win32]

  '@esbuild/win32-ia32@0.25.5':
    resolution: {integrity: sha512-onOJ02pqs9h1iMJ1PQphR+VZv8qBMQ77Klcsqv9CNW2w6yLqoURLcgERAIurY6QE63bbLuqgP9ATqajFLK5AMQ==}
    engines: {node: '>=18'}
    cpu: [ia32]
    os: [win32]

  '@esbuild/win32-x64@0.25.5':
    resolution: {integrity: sha512-TXv6YnJ8ZMVdX+SXWVBo/0p8LTcrUYngpWjvm91TMjjBQii7Oz11Lw5lbDV5Y0TzuhSJHwiH4hEtC1I42mMS0g==}
    engines: {node: '>=18'}
    cpu: [x64]
    os: [win32]

  '@jridgewell/sourcemap-codec@1.5.0':
    resolution: {integrity: sha512-gv3ZRaISU3fjPAgNsriBRqGWQL6quFx04YMPW/zD8XMLsU32mhCCbfbO6KZFLjvYpCZ8zyDEgqsgf+PwPaM7GQ==}

  '@napi-rs/wasm-runtime@0.2.11':
    resolution: {integrity: sha512-9DPkXtvHydrcOsopiYpUgPHpmj0HWZKMUnL2dZqpvC42lsratuBG06V5ipyno0fUek5VlFsNQ+AcFATSrJXgMA==}

  '@oxc-parser/binding-darwin-arm64@0.73.0':
    resolution: {integrity: sha512-YKMIgntz0Ron8jGyOpLSRW0zHH+9nULOyKm2j3AyNHbiEXft1O8QrHckk9o7ac+7Ue/WbF2mrJaE7baIyitQnw==}
    engines: {node: '>=20.0.0'}
    cpu: [arm64]
    os: [darwin]

  '@oxc-parser/binding-darwin-x64@0.73.0':
    resolution: {integrity: sha512-Bj6K7LEUfYl5w/ougXeKW25qRBlcHHURaqQsl8GI8ctzt/Y4qMJQe2/f7aS0L2fdw5momEiD9k8C9ip1pKQF7A==}
    engines: {node: '>=20.0.0'}
    cpu: [x64]
    os: [darwin]

  '@oxc-parser/binding-freebsd-x64@0.73.0':
    resolution: {integrity: sha512-ctVr+IDMkGbDqlq9NQKNeMpfqo8cLVNmXSihuig2OWCtgBhVMSlg6EotR7UhcUJokTe8Sfb57IGFGvDY9MQVLA==}
    engines: {node: '>=20.0.0'}
    cpu: [x64]
    os: [freebsd]

  '@oxc-parser/binding-linux-arm-gnueabihf@0.73.0':
    resolution: {integrity: sha512-5Ap+WFeh4rS9+255k8Ia1/4T8v1bO9Ttro3R6e5YuWIUFx6BKXxLykaKfNX7blcLt/0sQ1OyECJVFnnKH56elA==}
    engines: {node: '>=20.0.0'}
    cpu: [arm]
    os: [linux]

  '@oxc-parser/binding-linux-arm-musleabihf@0.73.0':
    resolution: {integrity: sha512-PGRaekUhhwzPt/yZScnjUV4oZ4pt54WfC6p3FMWEqHrZCiMhPlpTFzi2kDyZShdPVy3y8+tP/hg8R4QCHsUFjg==}
    engines: {node: '>=20.0.0'}
    cpu: [arm]
    os: [linux]

  '@oxc-parser/binding-linux-arm64-gnu@0.73.0':
    resolution: {integrity: sha512-wl+U2PRWx4noNCs3Eeh3SJv5rvkbiWYjiJ70zzlwyMtSoNGeKeZDjhNFPk4raj09Ps/OP7r+WtxxATBUXhpb1A==}
    engines: {node: '>=20.0.0'}
    cpu: [arm64]
    os: [linux]

  '@oxc-parser/binding-linux-arm64-musl@0.73.0':
    resolution: {integrity: sha512-jo0x28E9cY/wutP3E3+tSEpmySqDiLbDBFq8Y7a5q0vw8ht6JOZJqAMHQpfTDxp44DrFoCkW1liy4K3GBqVAFQ==}
    engines: {node: '>=20.0.0'}
    cpu: [arm64]
    os: [linux]

  '@oxc-parser/binding-linux-riscv64-gnu@0.73.0':
    resolution: {integrity: sha512-XbifJrSpw9+FgpRzUOqp2iOVaJZPJRNW+gaMBxPUo/Z0w1YfhaujDy9QAS59E7CP7Nuty8N2kFQWemlTZVYBaw==}
    engines: {node: '>=20.0.0'}
    cpu: [riscv64]
    os: [linux]

  '@oxc-parser/binding-linux-s390x-gnu@0.73.0':
    resolution: {integrity: sha512-Ens/lCSpetR0+T80a3rO5IA0oZ0a3jc0Q+LMQfi5q1d8twiPqHqaQjizibLV4ALhGhpYssH5BmWndhFUT/cR/g==}
    engines: {node: '>=20.0.0'}
    cpu: [s390x]
    os: [linux]

  '@oxc-parser/binding-linux-x64-gnu@0.73.0':
    resolution: {integrity: sha512-d16jGDksxGWsMvuTAlQLH3Wl/4YIDi2R3309gNfiJedLP5aZVixYIzFEY8EcEstJQgHCir1diuKjAKCxO0k9ww==}
    engines: {node: '>=20.0.0'}
    cpu: [x64]
    os: [linux]

  '@oxc-parser/binding-linux-x64-musl@0.73.0':
    resolution: {integrity: sha512-lOU10GPHjyx/2K2smsSYtJqbiAktzWrycyzhg+14vItuhvkcn0v0U6U2hraRY6YTCgXF9ts8MZugfe8rkXsAaA==}
    engines: {node: '>=20.0.0'}
    cpu: [x64]
    os: [linux]

  '@oxc-parser/binding-wasm32-wasi@0.73.0':
    resolution: {integrity: sha512-rY32AlpapLKzPnLyVQCjv892epV3wORNcWmmJ4oCZeqeK2Uh1w3UzYxXe9qSCIXGcbjGLa6wkIL+xBQaLVxnyQ==}
    engines: {node: '>=14.0.0'}
    cpu: [wasm32]

  '@oxc-parser/binding-win32-arm64-msvc@0.73.0':
    resolution: {integrity: sha512-uMgVvnaYZjjWih/aUokKyxIm4dBH8RCAXedDTBdI2duoVqVh2eV3fTfietvPfqkHB6vf2pRii2SJJvxEakhOoA==}
    engines: {node: '>=20.0.0'}
    cpu: [arm64]
    os: [win32]

  '@oxc-parser/binding-win32-x64-msvc@0.73.0':
    resolution: {integrity: sha512-6pXuBVGo6dGbOnVsI67pQ+8OH/IwTp5Dfpda/EE4SoPl1ticT4HGiZD3Y9EWourC/vUWfbkmSR3lXxRdI7NKpA==}
    engines: {node: '>=20.0.0'}
    cpu: [x64]
    os: [win32]

  '@oxc-project/types@0.73.0':
    resolution: {integrity: sha512-ZQS7dpsga43R7bjqRKHRhOeNpuIBeLBnlS3M6H3IqWIWiapGOQIxp4lpETLBYupkSd4dh85ESFn6vAvtpPdGkA==}

  '@polka/url@1.0.0-next.29':
    resolution: {integrity: sha512-wwQAWhWSuHaag8c4q/KN/vCoeOJYshAIvMQwD4GpSb3OiZklFfvAgmj0VCBBImRpuF/aFgIRzllXlVX93Jevww==}

  '@rolldown/pluginutils@1.0.0-beta.11':
    resolution: {integrity: sha512-L/gAA/hyCSuzTF1ftlzUSI/IKr2POHsv1Dd78GfqkR83KMNuswWD61JxGV2L7nRwBBBSDr6R1gCkdTmoN7W4ag==}

  '@rollup/rollup-android-arm-eabi@4.43.0':
    resolution: {integrity: sha512-Krjy9awJl6rKbruhQDgivNbD1WuLb8xAclM4IR4cN5pHGAs2oIMMQJEiC3IC/9TZJ+QZkmZhlMO/6MBGxPidpw==}
    cpu: [arm]
    os: [android]

  '@rollup/rollup-android-arm64@4.43.0':
    resolution: {integrity: sha512-ss4YJwRt5I63454Rpj+mXCXicakdFmKnUNxr1dLK+5rv5FJgAxnN7s31a5VchRYxCFWdmnDWKd0wbAdTr0J5EA==}
    cpu: [arm64]
    os: [android]

  '@rollup/rollup-darwin-arm64@4.43.0':
    resolution: {integrity: sha512-eKoL8ykZ7zz8MjgBenEF2OoTNFAPFz1/lyJ5UmmFSz5jW+7XbH1+MAgCVHy72aG59rbuQLcJeiMrP8qP5d/N0A==}
    cpu: [arm64]
    os: [darwin]

  '@rollup/rollup-darwin-x64@4.43.0':
    resolution: {integrity: sha512-SYwXJgaBYW33Wi/q4ubN+ldWC4DzQY62S4Ll2dgfr/dbPoF50dlQwEaEHSKrQdSjC6oIe1WgzosoaNoHCdNuMg==}
    cpu: [x64]
    os: [darwin]

  '@rollup/rollup-freebsd-arm64@4.43.0':
    resolution: {integrity: sha512-SV+U5sSo0yujrjzBF7/YidieK2iF6E7MdF6EbYxNz94lA+R0wKl3SiixGyG/9Klab6uNBIqsN7j4Y/Fya7wAjQ==}
    cpu: [arm64]
    os: [freebsd]

  '@rollup/rollup-freebsd-x64@4.43.0':
    resolution: {integrity: sha512-J7uCsiV13L/VOeHJBo5SjasKiGxJ0g+nQTrBkAsmQBIdil3KhPnSE9GnRon4ejX1XDdsmK/l30IYLiAaQEO0Cg==}
    cpu: [x64]
    os: [freebsd]

  '@rollup/rollup-linux-arm-gnueabihf@4.43.0':
    resolution: {integrity: sha512-gTJ/JnnjCMc15uwB10TTATBEhK9meBIY+gXP4s0sHD1zHOaIh4Dmy1X9wup18IiY9tTNk5gJc4yx9ctj/fjrIw==}
    cpu: [arm]
    os: [linux]

  '@rollup/rollup-linux-arm-musleabihf@4.43.0':
    resolution: {integrity: sha512-ZJ3gZynL1LDSIvRfz0qXtTNs56n5DI2Mq+WACWZ7yGHFUEirHBRt7fyIk0NsCKhmRhn7WAcjgSkSVVxKlPNFFw==}
    cpu: [arm]
    os: [linux]

  '@rollup/rollup-linux-arm64-gnu@4.43.0':
    resolution: {integrity: sha512-8FnkipasmOOSSlfucGYEu58U8cxEdhziKjPD2FIa0ONVMxvl/hmONtX/7y4vGjdUhjcTHlKlDhw3H9t98fPvyA==}
    cpu: [arm64]
    os: [linux]

  '@rollup/rollup-linux-arm64-musl@4.43.0':
    resolution: {integrity: sha512-KPPyAdlcIZ6S9C3S2cndXDkV0Bb1OSMsX0Eelr2Bay4EsF9yi9u9uzc9RniK3mcUGCLhWY9oLr6er80P5DE6XA==}
    cpu: [arm64]
    os: [linux]

  '@rollup/rollup-linux-loongarch64-gnu@4.43.0':
    resolution: {integrity: sha512-HPGDIH0/ZzAZjvtlXj6g+KDQ9ZMHfSP553za7o2Odegb/BEfwJcR0Sw0RLNpQ9nC6Gy8s+3mSS9xjZ0n3rhcYg==}
    cpu: [loong64]
    os: [linux]

  '@rollup/rollup-linux-powerpc64le-gnu@4.43.0':
    resolution: {integrity: sha512-gEmwbOws4U4GLAJDhhtSPWPXUzDfMRedT3hFMyRAvM9Mrnj+dJIFIeL7otsv2WF3D7GrV0GIewW0y28dOYWkmw==}
    cpu: [ppc64]
    os: [linux]

  '@rollup/rollup-linux-riscv64-gnu@4.43.0':
    resolution: {integrity: sha512-XXKvo2e+wFtXZF/9xoWohHg+MuRnvO29TI5Hqe9xwN5uN8NKUYy7tXUG3EZAlfchufNCTHNGjEx7uN78KsBo0g==}
    cpu: [riscv64]
    os: [linux]

  '@rollup/rollup-linux-riscv64-musl@4.43.0':
    resolution: {integrity: sha512-ruf3hPWhjw6uDFsOAzmbNIvlXFXlBQ4nk57Sec8E8rUxs/AI4HD6xmiiasOOx/3QxS2f5eQMKTAwk7KHwpzr/Q==}
    cpu: [riscv64]
    os: [linux]

  '@rollup/rollup-linux-s390x-gnu@4.43.0':
    resolution: {integrity: sha512-QmNIAqDiEMEvFV15rsSnjoSmO0+eJLoKRD9EAa9rrYNwO/XRCtOGM3A5A0X+wmG+XRrw9Fxdsw+LnyYiZWWcVw==}
    cpu: [s390x]
    os: [linux]

  '@rollup/rollup-linux-x64-gnu@4.43.0':
    resolution: {integrity: sha512-jAHr/S0iiBtFyzjhOkAics/2SrXE092qyqEg96e90L3t9Op8OTzS6+IX0Fy5wCt2+KqeHAkti+eitV0wvblEoQ==}
    cpu: [x64]
    os: [linux]

  '@rollup/rollup-linux-x64-musl@4.43.0':
    resolution: {integrity: sha512-3yATWgdeXyuHtBhrLt98w+5fKurdqvs8B53LaoKD7P7H7FKOONLsBVMNl9ghPQZQuYcceV5CDyPfyfGpMWD9mQ==}
    cpu: [x64]
    os: [linux]

  '@rollup/rollup-win32-arm64-msvc@4.43.0':
    resolution: {integrity: sha512-wVzXp2qDSCOpcBCT5WRWLmpJRIzv23valvcTwMHEobkjippNf+C3ys/+wf07poPkeNix0paTNemB2XrHr2TnGw==}
    cpu: [arm64]
    os: [win32]

  '@rollup/rollup-win32-ia32-msvc@4.43.0':
    resolution: {integrity: sha512-fYCTEyzf8d+7diCw8b+asvWDCLMjsCEA8alvtAutqJOJp/wL5hs1rWSqJ1vkjgW0L2NB4bsYJrpKkiIPRR9dvw==}
    cpu: [ia32]
    os: [win32]

  '@rollup/rollup-win32-x64-msvc@4.43.0':
    resolution: {integrity: sha512-SnGhLiE5rlK0ofq8kzuDkM0g7FN1s5VYY+YSMTibP7CqShxCQvqtNxTARS4xX4PFJfHjG0ZQYX9iGzI3FQh5Aw==}
    cpu: [x64]
    os: [win32]

  '@swc/core-darwin-arm64@1.12.1':
    resolution: {integrity: sha512-nUjWVcJ3YS2N40ZbKwYO2RJ4+o2tWYRzNOcIQp05FqW0+aoUCVMdAUUzQinPDynfgwVshDAXCKemY8X7nN5MaA==}
    engines: {node: '>=10'}
    cpu: [arm64]
    os: [darwin]

  '@swc/core-darwin-x64@1.12.1':
    resolution: {integrity: sha512-OGm4a4d3OeJn+tRt8H/eiHgTFrJbS6r8mi/Ob65tAEXZGHN900T2kR7c5ALr0V2hBOQ8BfhexwPoQlGQP/B95w==}
    engines: {node: '>=10'}
    cpu: [x64]
    os: [darwin]

  '@swc/core-linux-arm-gnueabihf@1.12.1':
    resolution: {integrity: sha512-76YeeQKyK0EtNkQiNBZ0nbVGooPf9IucY0WqVXVpaU4wuG7ZyLEE2ZAIgXafIuzODGQoLfetue7I8boMxh1/MA==}
    engines: {node: '>=10'}
    cpu: [arm]
    os: [linux]

  '@swc/core-linux-arm64-gnu@1.12.1':
    resolution: {integrity: sha512-BxJDIJPq1+aCh9UsaSAN6wo3tuln8UhNXruOrzTI8/ElIig/3sAueDM6Eq7GvZSGGSA7ljhNATMJ0elD7lFatQ==}
    engines: {node: '>=10'}
    cpu: [arm64]
    os: [linux]

  '@swc/core-linux-arm64-musl@1.12.1':
    resolution: {integrity: sha512-NhLdbffSXvY0/FwUSAl4hKBlpe5GHQGXK8DxTo3HHjLsD9sCPYieo3vG0NQoUYAy4ZUY1WeGjyxeq4qZddJzEQ==}
    engines: {node: '>=10'}
    cpu: [arm64]
    os: [linux]

  '@swc/core-linux-x64-gnu@1.12.1':
    resolution: {integrity: sha512-CrYnV8SZIgArQ9LKH0xEF95PKXzX9WkRSc5j55arOSBeDCeDUQk1Bg/iKdnDiuj5HC1hZpvzwMzSBJjv+Z70jA==}
    engines: {node: '>=10'}
    cpu: [x64]
    os: [linux]

  '@swc/core-linux-x64-musl@1.12.1':
    resolution: {integrity: sha512-BQMl3d0HaGB0/h2xcKlGtjk/cGRn2tnbsaChAKcjFdCepblKBCz1pgO/mL7w5iXq3s57wMDUn++71/a5RAkZOA==}
    engines: {node: '>=10'}
    cpu: [x64]
    os: [linux]

  '@swc/core-win32-arm64-msvc@1.12.1':
    resolution: {integrity: sha512-b7NeGnpqTfmIGtUqXBl0KqoSmOnH64nRZoT5l4BAGdvwY7nxitWR94CqZuwyLPty/bLywmyDA9uO12Kvgb3+gg==}
    engines: {node: '>=10'}
    cpu: [arm64]
    os: [win32]

  '@swc/core-win32-ia32-msvc@1.12.1':
    resolution: {integrity: sha512-iU/29X2D7cHBp1to62cUg/5Xk8K+lyOJiKIGGW5rdzTW/c2zz3d/ehgpzVP/rqC4NVr88MXspqHU4il5gmDajw==}
    engines: {node: '>=10'}
    cpu: [ia32]
    os: [win32]

  '@swc/core-win32-x64-msvc@1.12.1':
    resolution: {integrity: sha512-+Zh+JKDwiFqV5N9yAd2DhYVGPORGh9cfenu1ptr9yge+eHAf7vZJcC3rnj6QMR1QJh0Y5VC9+YBjRFjZVA7XDw==}
    engines: {node: '>=10'}
    cpu: [x64]
    os: [win32]

  '@swc/core@1.12.1':
    resolution: {integrity: sha512-aKXdDTqxTVFl/bKQZ3EQUjEMBEoF6JBv29moMZq0kbVO43na6u/u+3Vcbhbrh+A2N0X5OL4RaveuWfAjEgOmeA==}
    engines: {node: '>=10'}
    peerDependencies:
      '@swc/helpers': '>=0.5.17'
    peerDependenciesMeta:
      '@swc/helpers':
        optional: true

  '@swc/counter@0.1.3':
    resolution: {integrity: sha512-e2BR4lsJkkRlKZ/qCHPw9ZaSxc0MVUd7gtbtaB7aMvHeJVYe8sOB8DBZkP2DtISHGSku9sCK6T6cnY0CtXrOCQ==}

  '@swc/types@0.1.23':
    resolution: {integrity: sha512-u1iIVZV9Q0jxY+yM2vw/hZGDNudsN85bBpTqzAQ9rzkxW9D+e3aEM4Han+ow518gSewkXgjmEK0BD79ZcNVgPw==}

  '@tybys/wasm-util@0.9.0':
    resolution: {integrity: sha512-6+7nlbMVX/PVDCwaIQ8nTOPveOcFLSt8GcXdx8hD0bt39uWxYT88uXzqTd4fTvqta7oeUJqudepapKNt2DYJFw==}

  '@types/estree@1.0.7':
    resolution: {integrity: sha512-w28IoSUCJpidD/TGviZwwMJckNESJZXFu7NBZ5YJ4mEUnNraUn9Pm8HSZm/jDF1pDWYKspWE7oVphigUPRakIQ==}

  '@types/react-dom@19.1.6':
    resolution: {integrity: sha512-4hOiT/dwO8Ko0gV1m/TJZYk3y0KBnY9vzDh7W+DH17b2HFSOGgdj33dhihPeuy3l0q23+4e+hoXHV6hCC4dCXw==}
    peerDependencies:
      '@types/react': ^19.0.0

  '@types/react@19.1.8':
    resolution: {integrity: sha512-AwAfQ2Wa5bCx9WP8nZL2uMZWod7J7/JSplxbTmBQ5ms6QpqNYm672H0Vu9ZVKVngQ+ii4R/byguVEUZQyeg44g==}

  '@vitejs/plugin-react-swc@3.10.2':
    resolution: {integrity: sha512-xD3Rdvrt5LgANug7WekBn1KhcvLn1H3jNBfJRL3reeOIua/WnZOEV5qi5qIBq5T8R0jUDmRtxuvk4bPhzGHDWw==}
    peerDependencies:
      vite: ^4 || ^5 || ^6 || ^7.0.0-beta.0

  acorn@8.15.0:
    resolution: {integrity: sha512-NZyJarBfL7nWwIq+FDL6Zp/yHEhePMNnnJ0y3qfieCrmNvYct8uvtiV41UvlSe6apAfk0fY1FbWx+NwfmpvtTg==}
    engines: {node: '>=0.4.0'}
    hasBin: true

  ansis@3.17.0:
    resolution: {integrity: sha512-0qWUglt9JEqLFr3w1I1pbrChn1grhaiAR2ocX1PP/flRmxgtwTzPFFFnfIlD6aMOLQZgSuCRlidD70lvx8yhzg==}
    engines: {node: '>=14'}

  birpc@2.3.0:
    resolution: {integrity: sha512-ijbtkn/F3Pvzb6jHypHRyve2QApOCZDR25D/VnkY2G/lBNcXCTsnsCxgY4k4PkVB7zfwzYbY3O9Lcqe3xufS5g==}

  bundle-name@4.1.0:
    resolution: {integrity: sha512-tjwM5exMg6BGRI+kNmTntNsvdZS1X8BFYS6tnJ2hdH0kVxM6/eVZ2xy+FqStSWvYmtfFMDLIxurorHwDKfDz5Q==}
    engines: {node: '>=18'}

  confbox@0.1.8:
    resolution: {integrity: sha512-RMtmw0iFkeR4YV+fUOSucriAQNb9g8zFR52MWCtl+cCZOFRNL6zeB395vPzFhEjjn4fMxXudmELnl/KF/WrK6w==}

  csstype@3.1.3:
    resolution: {integrity: sha512-M1uQkMl8rQK/szD0LNhtqxIPLpimGm8sOBwU7lLnCpSbTyY3yeU1Vc7l4KT5zT4s/yOxHH5O7tIuuLOCnLADRw==}

  debug@4.4.1:
    resolution: {integrity: sha512-KcKCqiftBJcZr++7ykoDIEwSa3XWowTfNPo92BYxjXiyYEVrUQh2aLyhxBCwww+heortUFxEJYcRzosstTEBYQ==}
    engines: {node: '>=6.0'}
    peerDependencies:
      supports-color: '*'
    peerDependenciesMeta:
      supports-color:
        optional: true

  default-browser-id@5.0.0:
    resolution: {integrity: sha512-A6p/pu/6fyBcA1TRz/GqWYPViplrftcW2gZC9q79ngNCKAeR/X3gcEdXQHl4KNXV+3wgIJ1CPkJQ3IHM6lcsyA==}
    engines: {node: '>=18'}

  default-browser@5.2.1:
    resolution: {integrity: sha512-WY/3TUME0x3KPYdRRxEJJvXRHV4PyPoUsxtZa78lwItwRQRHhd2U9xOscaT/YTf8uCXIAjeJOFBVEh/7FtD8Xg==}
    engines: {node: '>=18'}

  define-lazy-prop@3.0.0:
    resolution: {integrity: sha512-N+MeXYoqr3pOgn8xfyRPREN7gHakLYjhsHhWGT3fWAiL4IkAt0iDw14QiiEm2bE30c5XX5q0FtAA3CK5f9/BUg==}
    engines: {node: '>=12'}

  error-stack-parser-es@1.0.5:
    resolution: {integrity: sha512-5qucVt2XcuGMcEGgWI7i+yZpmpByQ8J1lHhcL7PwqCwu9FPP3VUXzT4ltHe5i2z9dePwEHcDVOAfSnHsOlCXRA==}

  esbuild@0.25.5:
    resolution: {integrity: sha512-P8OtKZRv/5J5hhz0cUAdu/cLuPIKXpQl1R9pZtvmHWQvrAUVd0UNIPT4IB4W3rNOqVO0rlqHmCIbSwxh/c9yUQ==}
    engines: {node: '>=18'}
    hasBin: true

  estree-walker@3.0.3:
    resolution: {integrity: sha512-7RUKfXgSMMkzt6ZuXmqapOurLGPPfgj6l9uRZ7lRGolvk0y2yocc35LdcxKC5PQZdn2DMqioAQ2NoWcrTKmm6g==}

  fdir@6.4.6:
    resolution: {integrity: sha512-hiFoqpyZcfNm1yc4u8oWCf9A2c4D3QjCrks3zmoVKVxpQRzmPNar1hUJcBG2RQHvEVGDN+Jm81ZheVLAQMK6+w==}
    peerDependencies:
      picomatch: ^3 || ^4
    peerDependenciesMeta:
      picomatch:
        optional: true

  fsevents@2.3.3:
    resolution: {integrity: sha512-5xoDfX+fL7faATnagmWPpbFtwh/R77WmMMqqHGS65C3vvB0YHrgF+B1YmZ3441tMj5n63k0212XNoJwzlhffQw==}
    engines: {node: ^8.16.0 || ^10.6.0 || >=11.0.0}
    os: [darwin]

  is-docker@3.0.0:
    resolution: {integrity: sha512-eljcgEDlEns/7AXFosB5K/2nCM4P7FQPkGc/DWLy5rmFEWvZayGrik1d9/QIY5nJ4f9YsVvBkA6kJpHn9rISdQ==}
    engines: {node: ^12.20.0 || ^14.13.1 || >=16.0.0}
    hasBin: true

  is-inside-container@1.0.0:
    resolution: {integrity: sha512-KIYLCCJghfHZxqjYBE7rEy0OBuTd5xCHS7tHVgvCLkx7StIoaxwNW3hCALgEUjFfeRk+MG/Qxmp/vtETEF3tRA==}
    engines: {node: '>=14.16'}
    hasBin: true

  is-wsl@3.1.0:
    resolution: {integrity: sha512-UcVfVfaK4Sc4m7X3dUSoHoozQGBEFeDC+zVo06t98xe8CzHSZZBekNXH+tu0NalHolcJ/QAGqS46Hef7QXBIMw==}
    engines: {node: '>=16'}

  magic-regexp@0.10.0:
    resolution: {integrity: sha512-Uly1Bu4lO1hwHUW0CQeSWuRtzCMNO00CmXtS8N6fyvB3B979GOEEeAkiTUDsmbYLAbvpUS/Kt5c4ibosAzVyVg==}

  magic-string@0.30.17:
    resolution: {integrity: sha512-sNPKHvyjVf7gyjwS4xGTaW/mCnF8wnjtifKBEhxfZ7E/S8tQ0rssrwGNn6q8JH/ohItJfSQp9mBtQYuTlH5QnA==}

  mlly@1.7.4:
    resolution: {integrity: sha512-qmdSIPC4bDJXgZTCR7XosJiNKySV7O215tsPtDN9iEO/7q/76b/ijtgRu/+epFXSJhijtTCCGp3DWS549P3xKw==}

  mrmime@2.0.1:
    resolution: {integrity: sha512-Y3wQdFg2Va6etvQ5I82yUhGdsKrcYox6p7FfL1LbK2J4V01F9TGlepTIhnK24t7koZibmg82KGglhA1XK5IsLQ==}
    engines: {node: '>=10'}

  ms@2.1.3:
    resolution: {integrity: sha512-6FlzubTLZG3J2a/NVCAleEhjzq5oxgHyaCU9yYXvcLsvoVaHJq/s5xXI6/XXP6tz7R9xAOtHnSO/tXtF3WRTlA==}

  nanoid@3.3.11:
    resolution: {integrity: sha512-N8SpfPUnUp1bK+PMYW8qSWdl9U+wwNWI4QKxOYDy9JAro3WMX7p2OeVRF9v+347pnakNevPmiHhNmZ2HbFA76w==}
    engines: {node: ^10 || ^12 || ^13.7 || ^14 || >=15.0.1}
    hasBin: true

  ohash@2.0.11:
    resolution: {integrity: sha512-RdR9FQrFwNBNXAr4GixM8YaRZRJ5PUWbKYbE5eOsrwAjJW0q2REGcf79oYPsLyskQCZG1PLN+S/K1V00joZAoQ==}

  open@10.1.2:
    resolution: {integrity: sha512-cxN6aIDPz6rm8hbebcP7vrQNhvRcveZoJU72Y7vskh4oIm+BZwBECnx5nTmrlres1Qapvx27Qo1Auukpf8PKXw==}
    engines: {node: '>=18'}

  oxc-parser@0.73.0:
    resolution: {integrity: sha512-9BteHO6pfjs3L7gU3ZiZGoxfipNFeHh9gz7dXb23gTf4nQUfWZLHnKdyuT+qTtJd2k4pFsDBztvhzFZ/2/qGKg==}
    engines: {node: '>=20.0.0'}

  oxc-walker@0.3.0:
    resolution: {integrity: sha512-mGGgl9dmYHUX7Z3bxXhibwarI0fJVj2E64FNIOZQWUDvEeIPyJTe5ElyJmp4nmDdfdnrlG0bhdR+bR9D6DM/dA==}
    peerDependencies:
      oxc-parser: '>=0.72.0'

  pathe@2.0.3:
    resolution: {integrity: sha512-WUjGcAqP1gQacoQe+OBJsFA7Ld4DyXuUIjZ5cc75cLHvJ7dtNsTugphxIADwspS+AraAUePCKrSVtPLFj/F88w==}

  perfect-debounce@1.0.0:
    resolution: {integrity: sha512-xCy9V055GLEqoFaHoC1SoLIaLmWctgCUaBaWxDZ7/Zx4CTyX7cJQLJOok/orfjZAh9kEYpjJa4d0KcJmCbctZA==}

  picocolors@1.1.1:
    resolution: {integrity: sha512-xceH2snhtb5M9liqDsmEw56le376mTZkEX/jEb/RxNFyegNul7eNslCXP9FDj/Lcu0X8KEyMceP2ntpaHrDEVA==}

  picomatch@4.0.2:
    resolution: {integrity: sha512-M7BAV6Rlcy5u+m6oPhAPFgJTzAioX/6B0DxyvDlo9l8+T3nLKbrczg2WLUyzd45L8RqfUMyGPzekbMvX2Ldkwg==}
    engines: {node: '>=12'}

  pkg-types@1.3.1:
    resolution: {integrity: sha512-/Jm5M4RvtBFVkKWRu2BLUTNP8/M2a+UwuAX+ae4770q1qVGtfjG+WTCupoZixokjmHiry8uI+dlY8KXYV5HVVQ==}

  postcss@8.5.5:
    resolution: {integrity: sha512-d/jtm+rdNT8tpXuHY5MMtcbJFBkhXE6593XVR9UoGCH8jSFGci7jGvMGH5RYd5PBJW+00NZQt6gf7CbagJCrhg==}
    engines: {node: ^10 || ^12 || >=14}

  react-dom@19.1.0:
    resolution: {integrity: sha512-Xs1hdnE+DyKgeHJeJznQmYMIBG3TKIHJJT95Q58nHLSrElKlGQqDTR2HQ9fx5CN/Gk6Vh/kupBTDLU11/nDk/g==}
    peerDependencies:
      react: ^19.1.0

  react@19.1.0:
    resolution: {integrity: sha512-FS+XFBNvn3GTAWq26joslQgWNoFu08F4kl0J4CgdNKADkdSGXQyTCnKteIAJy96Br6YbpEU1LSzV5dYtjMkMDg==}
    engines: {node: '>=0.10.0'}

  regexp-tree@0.1.27:
    resolution: {integrity: sha512-iETxpjK6YoRWJG5o6hXLwvjYAoW+FEZn9os0PD/b6AP6xQwsa/Y7lCVgIixBbUPMfhu+i2LtdeAqVTgGlQarfA==}
    hasBin: true

  rollup@4.43.0:
    resolution: {integrity: sha512-wdN2Kd3Twh8MAEOEJZsuxuLKCsBEo4PVNLK6tQWAn10VhsVewQLzcucMgLolRlhFybGxfclbPeEYBaP6RvUFGg==}
    engines: {node: '>=18.0.0', npm: '>=8.0.0'}
    hasBin: true

  run-applescript@7.0.0:
    resolution: {integrity: sha512-9by4Ij99JUr/MCFBUkDKLWK3G9HVXmabKz9U5MlIAIuvuzkiOicRYs8XJLxX+xahD+mLiiCYDqF9dKAgtzKP1A==}
    engines: {node: '>=18'}

  scheduler@0.26.0:
    resolution: {integrity: sha512-NlHwttCI/l5gCPR3D1nNXtWABUmBwvZpEQiD4IXSbIDq8BzLIK/7Ir5gTFSGZDUu37K5cMNp0hFtzO38sC7gWA==}

  sirv@3.0.1:
    resolution: {integrity: sha512-FoqMu0NCGBLCcAkS1qA+XJIQTR6/JHfQXl+uGteNCQ76T91DMUjPa9xfmeqMY3z80nLSg9yQmNjK0Px6RWsH/A==}
    engines: {node: '>=18'}

  source-map-js@1.2.1:
    resolution: {integrity: sha512-UXWMKhLOwVKb728IUtQPXxfYU+usdybtUrK/8uGE8CQMvrhOpwvzDBwj0QhSL7MQc7vIsISBG8VQ8+IDQxpfQA==}
    engines: {node: '>=0.10.0'}

  tinyglobby@0.2.14:
    resolution: {integrity: sha512-tX5e7OM1HnYr2+a2C/4V0htOcSQcoSTH9KgJnVvNm5zm/cyEWKJ7j7YutsH9CxMdtOkkLFy2AHrMci9IM8IPZQ==}
    engines: {node: '>=12.0.0'}

  totalist@3.0.1:
    resolution: {integrity: sha512-sf4i37nQ2LBx4m3wB74y+ubopq6W/dIzXg0FDGjsYnZHVa1Da8FH853wlL2gtUhg+xJXjfk3kUZS3BRoQeoQBQ==}
    engines: {node: '>=6'}

  tslib@2.8.1:
    resolution: {integrity: sha512-oJFu94HQb+KVduSUQL7wnpmqnfmLsOA/nAh6b6EH0wCEoK0/mPeXU6c3wKDV83MkOuHPRHtSXKKU99IBazS/2w==}

  type-level-regexp@0.1.17:
    resolution: {integrity: sha512-wTk4DH3cxwk196uGLK/E9pE45aLfeKJacKmcEgEOA/q5dnPGNxXt0cfYdFxb57L+sEpf1oJH4Dnx/pnRcku9jg==}

  typescript@5.8.3:
    resolution: {integrity: sha512-p1diW6TqL9L07nNxvRMM7hMMw4c5XOo/1ibL4aAIGmSAt9slTE1Xgw5KWuof2uTOvCg9BY7ZRi+GaF+7sfgPeQ==}
    engines: {node: '>=14.17'}
    hasBin: true

  ufo@1.6.1:
    resolution: {integrity: sha512-9a4/uxlTWJ4+a5i0ooc1rU7C7YOw3wT+UGqdeNNHWnOF9qcMBgLRS+4IYUqbczewFx4mLEig6gawh7X6mFlEkA==}

  unplugin-utils@0.2.4:
    resolution: {integrity: sha512-8U/MtpkPkkk3Atewj1+RcKIjb5WBimZ/WSLhhR3w6SsIj8XJuKTacSP8g+2JhfSGw0Cb125Y+2zA/IzJZDVbhA==}
    engines: {node: '>=18.12.0'}

  unplugin@2.3.5:
    resolution: {integrity: sha512-RyWSb5AHmGtjjNQ6gIlA67sHOsWpsbWpwDokLwTcejVdOjEkJZh7QKu14J00gDDVSh8kGH4KYC/TNBceXFZhtw==}
    engines: {node: '>=18.12.0'}

  vite-dev-rpc@1.0.7:
    resolution: {integrity: sha512-FxSTEofDbUi2XXujCA+hdzCDkXFG1PXktMjSk1efq9Qb5lOYaaM9zNSvKvPPF7645Bak79kSp1PTooMW2wktcA==}
    peerDependencies:
      vite: ^2.9.0 || ^3.0.0-0 || ^4.0.0-0 || ^5.0.0-0 || ^6.0.1

  vite-hot-client@2.0.4:
    resolution: {integrity: sha512-W9LOGAyGMrbGArYJN4LBCdOC5+Zwh7dHvOHC0KmGKkJhsOzaKbpo/jEjpPKVHIW0/jBWj8RZG0NUxfgA8BxgAg==}
    peerDependencies:
      vite: ^2.6.0 || ^3.0.0 || ^4.0.0 || ^5.0.0-0 || ^6.0.0-0

  vite-plugin-inspect@11.1.0:
    resolution: {integrity: sha512-r3Nx8xGQ08bSoNu7gJGfP5H/wNOROHtv0z3tWspplyHZJlABwNoPOdFEmcVh+lVMDyk/Be4yt8oS596ZHoYhOg==}
    engines: {node: '>=14'}
    peerDependencies:
      '@nuxt/kit': '*'
      vite: ^6.0.0
    peerDependenciesMeta:
      '@nuxt/kit':
        optional: true

  vite@6.3.5:
    resolution: {integrity: sha512-cZn6NDFE7wdTpINgs++ZJ4N49W2vRp8LCKrn3Ob1kYNtOo21vfDoaV5GzBfLU4MovSAB8uNRm4jgzVQZ+mBzPQ==}
    engines: {node: ^18.0.0 || ^20.0.0 || >=22.0.0}
    hasBin: true
    peerDependencies:
      '@types/node': ^18.0.0 || ^20.0.0 || >=22.0.0
      jiti: '>=1.21.0'
      less: '*'
      lightningcss: ^1.21.0
      sass: '*'
      sass-embedded: '*'
      stylus: '*'
      sugarss: '*'
      terser: ^5.16.0
      tsx: ^4.8.1
      yaml: ^2.4.2
    peerDependenciesMeta:
      '@types/node':
        optional: true
      jiti:
        optional: true
      less:
        optional: true
      lightningcss:
        optional: true
      sass:
        optional: true
      sass-embedded:
        optional: true
      stylus:
        optional: true
      sugarss:
        optional: true
      terser:
        optional: true
      tsx:
        optional: true
      yaml:
        optional: true

  webpack-virtual-modules@0.6.2:
    resolution: {integrity: sha512-66/V2i5hQanC51vBQKPH4aI8NMAcBW59FVBs+rC7eGHupMyfn34q7rZIE+ETlJ+XTevqfUhVVBgSUNSW2flEUQ==}

snapshots:

  '@emnapi/core@1.4.3':
    dependencies:
      '@emnapi/wasi-threads': 1.0.2
      tslib: 2.8.1
    optional: true

  '@emnapi/runtime@1.4.3':
    dependencies:
      tslib: 2.8.1
    optional: true

  '@emnapi/wasi-threads@1.0.2':
    dependencies:
      tslib: 2.8.1
    optional: true

  '@esbuild/aix-ppc64@0.25.5':
    optional: true

  '@esbuild/android-arm64@0.25.5':
    optional: true

  '@esbuild/android-arm@0.25.5':
    optional: true

  '@esbuild/android-x64@0.25.5':
    optional: true

  '@esbuild/darwin-arm64@0.25.5':
    optional: true

  '@esbuild/darwin-x64@0.25.5':
    optional: true

  '@esbuild/freebsd-arm64@0.25.5':
    optional: true

  '@esbuild/freebsd-x64@0.25.5':
    optional: true

  '@esbuild/linux-arm64@0.25.5':
    optional: true

  '@esbuild/linux-arm@0.25.5':
    optional: true

  '@esbuild/linux-ia32@0.25.5':
    optional: true

  '@esbuild/linux-loong64@0.25.5':
    optional: true

  '@esbuild/linux-mips64el@0.25.5':
    optional: true

  '@esbuild/linux-ppc64@0.25.5':
    optional: true

  '@esbuild/linux-riscv64@0.25.5':
    optional: true

  '@esbuild/linux-s390x@0.25.5':
    optional: true

  '@esbuild/linux-x64@0.25.5':
    optional: true

  '@esbuild/netbsd-arm64@0.25.5':
    optional: true

  '@esbuild/netbsd-x64@0.25.5':
    optional: true

  '@esbuild/openbsd-arm64@0.25.5':
    optional: true

  '@esbuild/openbsd-x64@0.25.5':
    optional: true

  '@esbuild/sunos-x64@0.25.5':
    optional: true

  '@esbuild/win32-arm64@0.25.5':
    optional: true

  '@esbuild/win32-ia32@0.25.5':
    optional: true

  '@esbuild/win32-x64@0.25.5':
    optional: true

  '@jridgewell/sourcemap-codec@1.5.0': {}

  '@napi-rs/wasm-runtime@0.2.11':
    dependencies:
      '@emnapi/core': 1.4.3
      '@emnapi/runtime': 1.4.3
      '@tybys/wasm-util': 0.9.0
    optional: true

  '@oxc-parser/binding-darwin-arm64@0.73.0':
    optional: true

  '@oxc-parser/binding-darwin-x64@0.73.0':
    optional: true

  '@oxc-parser/binding-freebsd-x64@0.73.0':
    optional: true

  '@oxc-parser/binding-linux-arm-gnueabihf@0.73.0':
    optional: true

  '@oxc-parser/binding-linux-arm-musleabihf@0.73.0':
    optional: true

  '@oxc-parser/binding-linux-arm64-gnu@0.73.0':
    optional: true

  '@oxc-parser/binding-linux-arm64-musl@0.73.0':
    optional: true

  '@oxc-parser/binding-linux-riscv64-gnu@0.73.0':
    optional: true

  '@oxc-parser/binding-linux-s390x-gnu@0.73.0':
    optional: true

  '@oxc-parser/binding-linux-x64-gnu@0.73.0':
    optional: true

  '@oxc-parser/binding-linux-x64-musl@0.73.0':
    optional: true

  '@oxc-parser/binding-wasm32-wasi@0.73.0':
    dependencies:
      '@napi-rs/wasm-runtime': 0.2.11
    optional: true

  '@oxc-parser/binding-win32-arm64-msvc@0.73.0':
    optional: true

  '@oxc-parser/binding-win32-x64-msvc@0.73.0':
    optional: true

  '@oxc-project/types@0.73.0': {}

  '@polka/url@1.0.0-next.29': {}

  '@rolldown/pluginutils@1.0.0-beta.11': {}

  '@rollup/rollup-android-arm-eabi@4.43.0':
    optional: true

  '@rollup/rollup-android-arm64@4.43.0':
    optional: true

  '@rollup/rollup-darwin-arm64@4.43.0':
    optional: true

  '@rollup/rollup-darwin-x64@4.43.0':
    optional: true

  '@rollup/rollup-freebsd-arm64@4.43.0':
    optional: true

  '@rollup/rollup-freebsd-x64@4.43.0':
    optional: true

  '@rollup/rollup-linux-arm-gnueabihf@4.43.0':
    optional: true

  '@rollup/rollup-linux-arm-musleabihf@4.43.0':
    optional: true

  '@rollup/rollup-linux-arm64-gnu@4.43.0':
    optional: true

  '@rollup/rollup-linux-arm64-musl@4.43.0':
    optional: true

  '@rollup/rollup-linux-loongarch64-gnu@4.43.0':
    optional: true

  '@rollup/rollup-linux-powerpc64le-gnu@4.43.0':
    optional: true

  '@rollup/rollup-linux-riscv64-gnu@4.43.0':
    optional: true

  '@rollup/rollup-linux-riscv64-musl@4.43.0':
    optional: true

  '@rollup/rollup-linux-s390x-gnu@4.43.0':
    optional: true

  '@rollup/rollup-linux-x64-gnu@4.43.0':
    optional: true

  '@rollup/rollup-linux-x64-musl@4.43.0':
    optional: true

  '@rollup/rollup-win32-arm64-msvc@4.43.0':
    optional: true

  '@rollup/rollup-win32-ia32-msvc@4.43.0':
    optional: true

  '@rollup/rollup-win32-x64-msvc@4.43.0':
    optional: true

  '@swc/core-darwin-arm64@1.12.1':
    optional: true

  '@swc/core-darwin-x64@1.12.1':
    optional: true

  '@swc/core-linux-arm-gnueabihf@1.12.1':
    optional: true

  '@swc/core-linux-arm64-gnu@1.12.1':
    optional: true

  '@swc/core-linux-arm64-musl@1.12.1':
    optional: true

  '@swc/core-linux-x64-gnu@1.12.1':
    optional: true

  '@swc/core-linux-x64-musl@1.12.1':
    optional: true

  '@swc/core-win32-arm64-msvc@1.12.1':
    optional: true

  '@swc/core-win32-ia32-msvc@1.12.1':
    optional: true

  '@swc/core-win32-x64-msvc@1.12.1':
    optional: true

  '@swc/core@1.12.1':
    dependencies:
      '@swc/counter': 0.1.3
      '@swc/types': 0.1.23
    optionalDependencies:
      '@swc/core-darwin-arm64': 1.12.1
      '@swc/core-darwin-x64': 1.12.1
      '@swc/core-linux-arm-gnueabihf': 1.12.1
      '@swc/core-linux-arm64-gnu': 1.12.1
      '@swc/core-linux-arm64-musl': 1.12.1
      '@swc/core-linux-x64-gnu': 1.12.1
      '@swc/core-linux-x64-musl': 1.12.1
      '@swc/core-win32-arm64-msvc': 1.12.1
      '@swc/core-win32-ia32-msvc': 1.12.1
      '@swc/core-win32-x64-msvc': 1.12.1

  '@swc/counter@0.1.3': {}

  '@swc/types@0.1.23':
    dependencies:
      '@swc/counter': 0.1.3

  '@tybys/wasm-util@0.9.0':
    dependencies:
      tslib: 2.8.1
    optional: true

  '@types/estree@1.0.7': {}

  '@types/react-dom@19.1.6(@types/react@19.1.8)':
    dependencies:
      '@types/react': 19.1.8

  '@types/react@19.1.8':
    dependencies:
      csstype: 3.1.3

  '@vitejs/plugin-react-swc@3.10.2(vite@6.3.5)':
    dependencies:
      '@rolldown/pluginutils': 1.0.0-beta.11
      '@swc/core': 1.12.1
      vite: 6.3.5
    transitivePeerDependencies:
      - '@swc/helpers'

  acorn@8.15.0: {}

  ansis@3.17.0: {}

  birpc@2.3.0: {}

  bundle-name@4.1.0:
    dependencies:
      run-applescript: 7.0.0

  confbox@0.1.8: {}

  csstype@3.1.3: {}

  debug@4.4.1:
    dependencies:
      ms: 2.1.3

  default-browser-id@5.0.0: {}

  default-browser@5.2.1:
    dependencies:
      bundle-name: 4.1.0
      default-browser-id: 5.0.0

  define-lazy-prop@3.0.0: {}

  error-stack-parser-es@1.0.5: {}

  esbuild@0.25.5:
    optionalDependencies:
      '@esbuild/aix-ppc64': 0.25.5
      '@esbuild/android-arm': 0.25.5
      '@esbuild/android-arm64': 0.25.5
      '@esbuild/android-x64': 0.25.5
      '@esbuild/darwin-arm64': 0.25.5
      '@esbuild/darwin-x64': 0.25.5
      '@esbuild/freebsd-arm64': 0.25.5
      '@esbuild/freebsd-x64': 0.25.5
      '@esbuild/linux-arm': 0.25.5
      '@esbuild/linux-arm64': 0.25.5
      '@esbuild/linux-ia32': 0.25.5
      '@esbuild/linux-loong64': 0.25.5
      '@esbuild/linux-mips64el': 0.25.5
      '@esbuild/linux-ppc64': 0.25.5
      '@esbuild/linux-riscv64': 0.25.5
      '@esbuild/linux-s390x': 0.25.5
      '@esbuild/linux-x64': 0.25.5
      '@esbuild/netbsd-arm64': 0.25.5
      '@esbuild/netbsd-x64': 0.25.5
      '@esbuild/openbsd-arm64': 0.25.5
      '@esbuild/openbsd-x64': 0.25.5
      '@esbuild/sunos-x64': 0.25.5
      '@esbuild/win32-arm64': 0.25.5
      '@esbuild/win32-ia32': 0.25.5
      '@esbuild/win32-x64': 0.25.5

  estree-walker@3.0.3:
    dependencies:
      '@types/estree': 1.0.7

  fdir@6.4.6(picomatch@4.0.2):
    optionalDependencies:
      picomatch: 4.0.2

  fsevents@2.3.3:
    optional: true

  is-docker@3.0.0: {}

  is-inside-container@1.0.0:
    dependencies:
      is-docker: 3.0.0

  is-wsl@3.1.0:
    dependencies:
      is-inside-container: 1.0.0

  magic-regexp@0.10.0:
    dependencies:
      estree-walker: 3.0.3
      magic-string: 0.30.17
      mlly: 1.7.4
      regexp-tree: 0.1.27
      type-level-regexp: 0.1.17
      ufo: 1.6.1
      unplugin: 2.3.5

  magic-string@0.30.17:
    dependencies:
      '@jridgewell/sourcemap-codec': 1.5.0

  mlly@1.7.4:
    dependencies:
      acorn: 8.15.0
      pathe: 2.0.3
      pkg-types: 1.3.1
      ufo: 1.6.1

  mrmime@2.0.1: {}

  ms@2.1.3: {}

  nanoid@3.3.11: {}

  ohash@2.0.11: {}

  open@10.1.2:
    dependencies:
      default-browser: 5.2.1
      define-lazy-prop: 3.0.0
      is-inside-container: 1.0.0
      is-wsl: 3.1.0

  oxc-parser@0.73.0:
    dependencies:
      '@oxc-project/types': 0.73.0
    optionalDependencies:
      '@oxc-parser/binding-darwin-arm64': 0.73.0
      '@oxc-parser/binding-darwin-x64': 0.73.0
      '@oxc-parser/binding-freebsd-x64': 0.73.0
      '@oxc-parser/binding-linux-arm-gnueabihf': 0.73.0
      '@oxc-parser/binding-linux-arm-musleabihf': 0.73.0
      '@oxc-parser/binding-linux-arm64-gnu': 0.73.0
      '@oxc-parser/binding-linux-arm64-musl': 0.73.0
      '@oxc-parser/binding-linux-riscv64-gnu': 0.73.0
      '@oxc-parser/binding-linux-s390x-gnu': 0.73.0
      '@oxc-parser/binding-linux-x64-gnu': 0.73.0
      '@oxc-parser/binding-linux-x64-musl': 0.73.0
      '@oxc-parser/binding-wasm32-wasi': 0.73.0
      '@oxc-parser/binding-win32-arm64-msvc': 0.73.0
      '@oxc-parser/binding-win32-x64-msvc': 0.73.0

  oxc-walker@0.3.0(oxc-parser@0.73.0):
    dependencies:
      estree-walker: 3.0.3
      magic-regexp: 0.10.0
      oxc-parser: 0.73.0

  pathe@2.0.3: {}

  perfect-debounce@1.0.0: {}

  picocolors@1.1.1: {}

  picomatch@4.0.2: {}

  pkg-types@1.3.1:
    dependencies:
      confbox: 0.1.8
      mlly: 1.7.4
      pathe: 2.0.3

  postcss@8.5.5:
    dependencies:
      nanoid: 3.3.11
      picocolors: 1.1.1
      source-map-js: 1.2.1

  react-dom@19.1.0(react@19.1.0):
    dependencies:
      react: 19.1.0
      scheduler: 0.26.0

  react@19.1.0: {}

  regexp-tree@0.1.27: {}

  rollup@4.43.0:
    dependencies:
      '@types/estree': 1.0.7
    optionalDependencies:
      '@rollup/rollup-android-arm-eabi': 4.43.0
      '@rollup/rollup-android-arm64': 4.43.0
      '@rollup/rollup-darwin-arm64': 4.43.0
      '@rollup/rollup-darwin-x64': 4.43.0
      '@rollup/rollup-freebsd-arm64': 4.43.0
      '@rollup/rollup-freebsd-x64': 4.43.0
      '@rollup/rollup-linux-arm-gnueabihf': 4.43.0
      '@rollup/rollup-linux-arm-musleabihf': 4.43.0
      '@rollup/rollup-linux-arm64-gnu': 4.43.0
      '@rollup/rollup-linux-arm64-musl': 4.43.0
      '@rollup/rollup-linux-loongarch64-gnu': 4.43.0
      '@rollup/rollup-linux-powerpc64le-gnu': 4.43.0
      '@rollup/rollup-linux-riscv64-gnu': 4.43.0
      '@rollup/rollup-linux-riscv64-musl': 4.43.0
      '@rollup/rollup-linux-s390x-gnu': 4.43.0
      '@rollup/rollup-linux-x64-gnu': 4.43.0
      '@rollup/rollup-linux-x64-musl': 4.43.0
      '@rollup/rollup-win32-arm64-msvc': 4.43.0
      '@rollup/rollup-win32-ia32-msvc': 4.43.0
      '@rollup/rollup-win32-x64-msvc': 4.43.0
      fsevents: 2.3.3

  run-applescript@7.0.0: {}

  scheduler@0.26.0: {}

  sirv@3.0.1:
    dependencies:
      '@polka/url': 1.0.0-next.29
      mrmime: 2.0.1
      totalist: 3.0.1

  source-map-js@1.2.1: {}

  tinyglobby@0.2.14:
    dependencies:
      fdir: 6.4.6(picomatch@4.0.2)
      picomatch: 4.0.2

  totalist@3.0.1: {}

  tslib@2.8.1:
    optional: true

  type-level-regexp@0.1.17: {}

  typescript@5.8.3: {}

  ufo@1.6.1: {}

  unplugin-utils@0.2.4:
    dependencies:
      pathe: 2.0.3
      picomatch: 4.0.2

  unplugin@2.3.5:
    dependencies:
      acorn: 8.15.0
      picomatch: 4.0.2
      webpack-virtual-modules: 0.6.2

  vite-dev-rpc@1.0.7(vite@6.3.5):
    dependencies:
      birpc: 2.3.0
      vite: 6.3.5
      vite-hot-client: 2.0.4(vite@6.3.5)

  vite-hot-client@2.0.4(vite@6.3.5):
    dependencies:
      vite: 6.3.5

  vite-plugin-inspect@11.1.0(vite@6.3.5):
    dependencies:
      ansis: 3.17.0
      debug: 4.4.1
      error-stack-parser-es: 1.0.5
      ohash: 2.0.11
      open: 10.1.2
      perfect-debounce: 1.0.0
      sirv: 3.0.1
      unplugin-utils: 0.2.4
      vite: 6.3.5
      vite-dev-rpc: 1.0.7(vite@6.3.5)
    transitivePeerDependencies:
      - supports-color

  vite@6.3.5:
    dependencies:
      esbuild: 0.25.5
      fdir: 6.4.6(picomatch@4.0.2)
      picomatch: 4.0.2
      postcss: 8.5.5
      rollup: 4.43.0
      tinyglobby: 0.2.14
    optionalDependencies:
      fsevents: 2.3.3

  webpack-virtual-modules@0.6.2: {}
